
Microsoft Visual Studio Solution File, Format Version 12.00
# Visual Studio Version 17
VisualStudioVersion = 17.6.33829.357
MinimumVisualStudioVersion = 10.0.40219.1
Project("{FAE04EC0-301F-11D3-BF4B-00C04F79EFBC}") = "FrmLab1", "FrmLab1\FrmLab1.csproj", "{5FDA51D9-DDDF-4FFC-8FA2-ED608AA6601E}"
EndProject
Global
	GlobalSection(SolutionConfigurationPlatforms) = preSolution
		Debug|Any CPU = Debug|Any CPU
		Release|Any CPU = Release|Any CPU
	EndGlobalSection
	GlobalSection(ProjectConfigurationPlatforms) = postSolution
		{5FDA51D9-DDDF-4FFC-8FA2-ED608AA6601E}.Debug|Any CPU.ActiveCfg = Debug|Any CPU
		{5FDA51D9-DDDF-4FFC-8FA2-ED608AA6601E}.Debug|Any CPU.Build.0 = Debug|Any CPU
		{5FDA51D9-DDDF-4FFC-8FA2-ED608AA6601E}.Release|Any CPU.ActiveCfg = Release|Any CPU
		{5FDA51D9-DDDF-4FFC-8FA2-ED608AA6601E}.Release|Any CPU.Build.0 = Release|Any CPU
	EndGlobalSection
	GlobalSection(SolutionProperties) = preSolution
		HideSolutionNode = FALSE
	EndGlobalSection
	GlobalSection(ExtensibilityGlobals) = postSolution
		SolutionGuid = {6ACD76EA-C59A-47A9-83E7-8FB15B66E59B}
	EndGlobalSection
EndGlobal
